
Microsoft Visual Studio Solution File, Format Version 11.00
# Visual Studio 2010
Project("{FAE04EC0-301F-11D3-BF4B-00C04F79EFBC}") = "NewThisWorks", "NewThisWorks\NewThisWorks\NewThisWorks.csproj", "{0B8369A2-0E2E-4C59-B861-48DAFD612F2A}"
EndProject
Project("{FAE04EC0-301F-11D3-BF4B-00C04F79EFBC}") = "NewThisWorksContent", "NewThisWorks\NewThisWorksContent\NewThisWorksContent.contentproj", "{311805EF-0F0A-480C-9110-A663FB024493}"
EndProject
Global
	GlobalSection(SolutionConfigurationPlatforms) = preSolution
		Debug|x86 = Debug|x86
		Release|x86 = Release|x86
	EndGlobalSection
	GlobalSection(ProjectConfigurationPlatforms) = postSolution
		{0B8369A2-0E2E-4C59-B861-48DAFD612F2A}.Debug|x86.ActiveCfg = Debug|x86
		{0B8369A2-0E2E-4C59-B861-48DAFD612F2A}.Debug|x86.Build.0 = Debug|x86
		{0B8369A2-0E2E-4C59-B861-48DAFD612F2A}.Release|x86.ActiveCfg = Release|x86
		{0B8369A2-0E2E-4C59-B861-48DAFD612F2A}.Release|x86.Build.0 = Release|x86
		{311805EF-0F0A-480C-9110-A663FB024493}.Debug|x86.ActiveCfg = Debug|x86
		{311805EF-0F0A-480C-9110-A663FB024493}.Release|x86.ActiveCfg = Release|x86
	EndGlobalSection
	GlobalSection(SolutionProperties) = preSolution
		HideSolutionNode = FALSE
	EndGlobalSection
EndGlobal
